
Microsoft Visual Studio Solution File, Format Version 12.00
# Visual Studio Version 16
VisualStudioVersion = 16.0.31624.102
MinimumVisualStudioVersion = 10.0.40219.1
Project("{9A19103F-16F7-4668-BE54-9A1E7A4F7556}") = "TourPlanner.UI", "TourPlanner.UI\TourPlanner.UI.csproj", "{E1555E85-5837-4A4B-887C-3F3CCC5DA396}"
EndProject
Project("{9A19103F-16F7-4668-BE54-9A1E7A4F7556}") = "TourPlanner.Models", "TourPlanner.Models\TourPlanner.Models.csproj", "{4115B6E8-35B3-45DD-813B-2CCB0E0650A1}"
EndProject
Project("{9A19103F-16F7-4668-BE54-9A1E7A4F7556}") = "TourPlanner.DAL", "TourPlanner.DAL\TourPlanner.DAL.csproj", "{7532C137-337F-4724-BDA1-CFDAB9BA3876}"
EndProject
Project("{9A19103F-16F7-4668-BE54-9A1E7A4F7556}") = "TourPlanner.Api", "TourPlanner.Api\TourPlanner.Api.csproj", "{E53B5F84-287D-4A2E-96CF-C80923B49611}"
EndProject
Project("{9A19103F-16F7-4668-BE54-9A1E7A4F7556}") = "TourPlanner.Exceptions", "TourPlanner.Exceptions\TourPlanner.Exceptions.csproj", "{4B2DA12D-008E-46ED-AB8E-A890AD7DB622}"
EndProject
Project("{9A19103F-16F7-4668-BE54-9A1E7A4F7556}") = "TourPlanner.Helper", "TourPlanner.Helper\TourPlanner.Helper.csproj", "{2238CF9A-4AF8-4877-A25B-35F3094E0320}"
EndProject
Project("{9A19103F-16F7-4668-BE54-9A1E7A4F7556}") = "TourPlanner.TestUI", "TourPlanner.TestUI\TourPlanner.TestUI.csproj", "{E05E16F0-727D-4DD3-8320-C207DFB42603}"
EndProject
Project("{FAE04EC0-301F-11D3-BF4B-00C04F79EFBC}") = "TourPlanner.TestBackend", "TourPlanner.TestBackend\TourPlanner.TestBackend.csproj", "{4B28E9B8-0437-402B-873E-1C4EFF81139C}"
EndProject
Global
	GlobalSection(SolutionConfigurationPlatforms) = preSolution
		Debug|Any CPU = Debug|Any CPU
		Release|Any CPU = Release|Any CPU
	EndGlobalSection
	GlobalSection(ProjectConfigurationPlatforms) = postSolution
		{E1555E85-5837-4A4B-887C-3F3CCC5DA396}.Debug|Any CPU.ActiveCfg = Debug|Any CPU
		{E1555E85-5837-4A4B-887C-3F3CCC5DA396}.Debug|Any CPU.Build.0 = Debug|Any CPU
		{E1555E85-5837-4A4B-887C-3F3CCC5DA396}.Release|Any CPU.ActiveCfg = Release|Any CPU
		{E1555E85-5837-4A4B-887C-3F3CCC5DA396}.Release|Any CPU.Build.0 = Release|Any CPU
		{4115B6E8-35B3-45DD-813B-2CCB0E0650A1}.Debug|Any CPU.ActiveCfg = Debug|Any CPU
		{4115B6E8-35B3-45DD-813B-2CCB0E0650A1}.Debug|Any CPU.Build.0 = Debug|Any CPU
		{4115B6E8-35B3-45DD-813B-2CCB0E0650A1}.Release|Any CPU.ActiveCfg = Release|Any CPU
		{4115B6E8-35B3-45DD-813B-2CCB0E0650A1}.Release|Any CPU.Build.0 = Release|Any CPU
		{7532C137-337F-4724-BDA1-CFDAB9BA3876}.Debug|Any CPU.ActiveCfg = Debug|Any CPU
		{7532C137-337F-4724-BDA1-CFDAB9BA3876}.Debug|Any CPU.Build.0 = Debug|Any CPU
		{7532C137-337F-4724-BDA1-CFDAB9BA3876}.Release|Any CPU.ActiveCfg = Release|Any CPU
		{7532C137-337F-4724-BDA1-CFDAB9BA3876}.Release|Any CPU.Build.0 = Release|Any CPU
		{E53B5F84-287D-4A2E-96CF-C80923B49611}.Debug|Any CPU.ActiveCfg = Debug|Any CPU
		{E53B5F84-287D-4A2E-96CF-C80923B49611}.Debug|Any CPU.Build.0 = Debug|Any CPU
		{E53B5F84-287D-4A2E-96CF-C80923B49611}.Release|Any CPU.ActiveCfg = Release|Any CPU
		{E53B5F84-287D-4A2E-96CF-C80923B49611}.Release|Any CPU.Build.0 = Release|Any CPU
		{4B2DA12D-008E-46ED-AB8E-A890AD7DB622}.Debug|Any CPU.ActiveCfg = Debug|Any CPU
		{4B2DA12D-008E-46ED-AB8E-A890AD7DB622}.Debug|Any CPU.Build.0 = Debug|Any CPU
		{4B2DA12D-008E-46ED-AB8E-A890AD7DB622}.Release|Any CPU.ActiveCfg = Release|Any CPU
		{4B2DA12D-008E-46ED-AB8E-A890AD7DB622}.Release|Any CPU.Build.0 = Release|Any CPU
		{2238CF9A-4AF8-4877-A25B-35F3094E0320}.Debug|Any CPU.ActiveCfg = Debug|Any CPU
		{2238CF9A-4AF8-4877-A25B-35F3094E0320}.Debug|Any CPU.Build.0 = Debug|Any CPU
		{2238CF9A-4AF8-4877-A25B-35F3094E0320}.Release|Any CPU.ActiveCfg = Release|Any CPU
		{2238CF9A-4AF8-4877-A25B-35F3094E0320}.Release|Any CPU.Build.0 = Release|Any CPU
		{E05E16F0-727D-4DD3-8320-C207DFB42603}.Debug|Any CPU.ActiveCfg = Debug|Any CPU
		{E05E16F0-727D-4DD3-8320-C207DFB42603}.Debug|Any CPU.Build.0 = Debug|Any CPU
		{E05E16F0-727D-4DD3-8320-C207DFB42603}.Release|Any CPU.ActiveCfg = Release|Any CPU
		{E05E16F0-727D-4DD3-8320-C207DFB42603}.Release|Any CPU.Build.0 = Release|Any CPU
		{4B28E9B8-0437-402B-873E-1C4EFF81139C}.Debug|Any CPU.ActiveCfg = Debug|Any CPU
		{4B28E9B8-0437-402B-873E-1C4EFF81139C}.Debug|Any CPU.Build.0 = Debug|Any CPU
		{4B28E9B8-0437-402B-873E-1C4EFF81139C}.Release|Any CPU.ActiveCfg = Release|Any CPU
		{4B28E9B8-0437-402B-873E-1C4EFF81139C}.Release|Any CPU.Build.0 = Release|Any CPU
	EndGlobalSection
	GlobalSection(SolutionProperties) = preSolution
		HideSolutionNode = FALSE
	EndGlobalSection
	GlobalSection(ExtensibilityGlobals) = postSolution
		SolutionGuid = {36AA2ACB-35FD-4B91-869A-D644A88A6DE0}
	EndGlobalSection
EndGlobal
