
Microsoft Visual Studio Solution File, Format Version 12.00
# Visual Studio Version 16
VisualStudioVersion = 16.0.31624.102
MinimumVisualStudioVersion = 10.0.40219.1
Project("{9A19103F-16F7-4668-BE54-9A1E7A4F7556}") = "TourPlanner.UI", "TourPlanner.UI\TourPlanner.UI.csproj", "{E1555E85-5837-4A4B-887C-3F3CCC5DA396}"
EndProject
Project("{9A19103F-16F7-4668-BE54-9A1E7A4F7556}") = "TourPlanner.Models", "TourPlanner.Models\TourPlanner.Models.csproj", "{4115B6E8-35B3-45DD-813B-2CCB0E0650A1}"
EndProject
Project("{9A19103F-16F7-4668-BE54-9A1E7A4F7556}") = "TourPlanner.BL", "TourPlanner.BL\TourPlanner.BL.csproj", "{14AF775E-9BF4-4F66-9B6E-24583FE49454}"
EndProject
Project("{9A19103F-16F7-4668-BE54-9A1E7A4F7556}") = "TourPlanner.DAL", "TourPlanner.DAL\TourPlanner.DAL.csproj", "{7532C137-337F-4724-BDA1-CFDAB9BA3876}"
EndProject
Project("{9A19103F-16F7-4668-BE54-9A1E7A4F7556}") = "TourPlanner.Helper", "TourPlanner.Helper\TourPlanner.Helper.csproj", "{1B7EC952-D7A2-49F3-B984-3C35C0914CE7}"
EndProject
Project("{FAE04EC0-301F-11D3-BF4B-00C04F79EFBC}") = "TourPlanner.Test", "TourPlanner.Test\TourPlanner.Test.csproj", "{6B65437E-2149-4702-838F-E60C716E11C5}"
EndProject
Global
	GlobalSection(SolutionConfigurationPlatforms) = preSolution
		Debug|Any CPU = Debug|Any CPU
		Release|Any CPU = Release|Any CPU
	EndGlobalSection
	GlobalSection(ProjectConfigurationPlatforms) = postSolution
		{E1555E85-5837-4A4B-887C-3F3CCC5DA396}.Debug|Any CPU.ActiveCfg = Debug|Any CPU
		{E1555E85-5837-4A4B-887C-3F3CCC5DA396}.Debug|Any CPU.Build.0 = Debug|Any CPU
		{E1555E85-5837-4A4B-887C-3F3CCC5DA396}.Release|Any CPU.ActiveCfg = Release|Any CPU
		{E1555E85-5837-4A4B-887C-3F3CCC5DA396}.Release|Any CPU.Build.0 = Release|Any CPU
		{4115B6E8-35B3-45DD-813B-2CCB0E0650A1}.Debug|Any CPU.ActiveCfg = Debug|Any CPU
		{4115B6E8-35B3-45DD-813B-2CCB0E0650A1}.Debug|Any CPU.Build.0 = Debug|Any CPU
		{4115B6E8-35B3-45DD-813B-2CCB0E0650A1}.Release|Any CPU.ActiveCfg = Release|Any CPU
		{4115B6E8-35B3-45DD-813B-2CCB0E0650A1}.Release|Any CPU.Build.0 = Release|Any CPU
		{14AF775E-9BF4-4F66-9B6E-24583FE49454}.Debug|Any CPU.ActiveCfg = Debug|Any CPU
		{14AF775E-9BF4-4F66-9B6E-24583FE49454}.Debug|Any CPU.Build.0 = Debug|Any CPU
		{14AF775E-9BF4-4F66-9B6E-24583FE49454}.Release|Any CPU.ActiveCfg = Release|Any CPU
		{14AF775E-9BF4-4F66-9B6E-24583FE49454}.Release|Any CPU.Build.0 = Release|Any CPU
		{7532C137-337F-4724-BDA1-CFDAB9BA3876}.Debug|Any CPU.ActiveCfg = Debug|Any CPU
		{7532C137-337F-4724-BDA1-CFDAB9BA3876}.Debug|Any CPU.Build.0 = Debug|Any CPU
		{7532C137-337F-4724-BDA1-CFDAB9BA3876}.Release|Any CPU.ActiveCfg = Release|Any CPU
		{7532C137-337F-4724-BDA1-CFDAB9BA3876}.Release|Any CPU.Build.0 = Release|Any CPU
		{1B7EC952-D7A2-49F3-B984-3C35C0914CE7}.Debug|Any CPU.ActiveCfg = Debug|Any CPU
		{1B7EC952-D7A2-49F3-B984-3C35C0914CE7}.Debug|Any CPU.Build.0 = Debug|Any CPU
		{1B7EC952-D7A2-49F3-B984-3C35C0914CE7}.Release|Any CPU.ActiveCfg = Release|Any CPU
		{1B7EC952-D7A2-49F3-B984-3C35C0914CE7}.Release|Any CPU.Build.0 = Release|Any CPU
		{6B65437E-2149-4702-838F-E60C716E11C5}.Debug|Any CPU.ActiveCfg = Debug|Any CPU
		{6B65437E-2149-4702-838F-E60C716E11C5}.Debug|Any CPU.Build.0 = Debug|Any CPU
		{6B65437E-2149-4702-838F-E60C716E11C5}.Release|Any CPU.ActiveCfg = Release|Any CPU
		{6B65437E-2149-4702-838F-E60C716E11C5}.Release|Any CPU.Build.0 = Release|Any CPU
	EndGlobalSection
	GlobalSection(SolutionProperties) = preSolution
		HideSolutionNode = FALSE
	EndGlobalSection
	GlobalSection(ExtensibilityGlobals) = postSolution
		SolutionGuid = {36AA2ACB-35FD-4B91-869A-D644A88A6DE0}
	EndGlobalSection
EndGlobal
